github.com/BurntSushi/toml v1.3.2 h1:o7IhLm0Msx3BaB+n3Ag7L8EVlByGnpq14C4YWiu/gL8=
github.com/BurntSushi/toml v1.3.2/go.mod h1:CxXYINrC8qIiEnFrOxCa7Jy5BFHlXnUU2pbicEuybxQ=
gitlab.huaun.com/lr/filefinder v0.0.0-20230210091116-7bb8aacfda02 h1:ZKLgc0Nilt1kFl8hL+80udMbhfTVUE+LWX7jl4sE1mo=
gitlab.huaun.com/lr/filefinder v0.0.0-20230210091116-7bb8aacfda02/go.mod h1:3rZZ/vp23t4T7plfPvqtxZgDqSqruc5gG6RK9QO8Vy0=
gitlab.huaun.com/lr/utils v0.3.11 h1:StU0OCrzj+fEyRcwHpNXv9G7cYKgrscL0djId14djMw=
gitlab.huaun.com/lr/utils v0.3.11/go.mod h1:LWCPgGaU1KQnSmJvjuwqPGsbmOajxh/HzVe6iwO7el0=
